Microsoft Visual Studio Solution File, Format Version 8.00
Project("{F184B08F-C81C-45F6-A57F-5ABD9991F28F}") = "i_groups", "i_groups.vbproj", "{38F21069-8DAF-4DFF-A95E-F1B025F37FAD}"
	ProjectSection(ProjectDependencies) = postProject
	EndProjectSection
EndProject
Global
	GlobalSection(SolutionConfiguration) = preSolution
		Debug = Debug
		Release = Release
	EndGlobalSection
	GlobalSection(ProjectConfiguration) = postSolution
		{38F21069-8DAF-4DFF-A95E-F1B025F37FAD}.Debug.ActiveCfg = Debug|.NET
		{38F21069-8DAF-4DFF-A95E-F1B025F37FAD}.Debug.Build.0 = Debug|.NET
		{38F21069-8DAF-4DFF-A95E-F1B025F37FAD}.Release.ActiveCfg = Release|.NET
		{38F21069-8DAF-4DFF-A95E-F1B025F37FAD}.Release.Build.0 = Release|.NET
	EndGlobalSection
	GlobalSection(ExtensibilityGlobals) = postSolution
	EndGlobalSection
	GlobalSection(ExtensibilityAddIns) = postSolution
	EndGlobalSection
EndGlobal
