Microsoft Visual Studio Solution File, Format Version 8.00
Project("{FAE04EC0-301F-11D3-BF4B-00C04F79EFBC}") = "LibxPrintFiscalSGF", "LibxPrintFiscalSGF.csproj", "{B22B5A30-987E-4244-A460-30FB8F041A43}"
	ProjectSection(ProjectDependencies) = postProject
	EndProjectSection
EndProject
Global
	GlobalSection(SolutionConfiguration) = preSolution
		Debug = Debug
		Release = Release
	EndGlobalSection
	GlobalSection(ProjectConfiguration) = postSolution
		{B22B5A30-987E-4244-A460-30FB8F041A43}.Debug.ActiveCfg = Debug|.NET
		{B22B5A30-987E-4244-A460-30FB8F041A43}.Debug.Build.0 = Debug|.NET
		{B22B5A30-987E-4244-A460-30FB8F041A43}.Release.ActiveCfg = Release|.NET
		{B22B5A30-987E-4244-A460-30FB8F041A43}.Release.Build.0 = Release|.NET
	EndGlobalSection
	GlobalSection(ExtensibilityGlobals) = postSolution
	EndGlobalSection
	GlobalSection(ExtensibilityAddIns) = postSolution
	EndGlobalSection
EndGlobal
