Microsoft Visual Studio Solution File, Format Version 12.00
# Visual Studio Version 16
VisualStudioVersion = 16.0.30717.126
MinimumVisualStudioVersion = 10.0.40219.1
Project("{F184B08F-C81C-45F6-A57F-5ABD9991F28F}") = "Main", "Main.vbproj", "{16E6F00D-B347-41A8-AFD1-53726D6BC548}"
EndProject
Global
	GlobalSection(SolutionConfigurationPlatforms) = preSolution
		Debug|Any CPU = Debug|Any CPU
		Release|Any CPU = Release|Any CPU
	EndGlobalSection
	GlobalSection(ProjectConfigurationPlatforms) = postSolution
		{16E6F00D-B347-41A8-AFD1-53726D6BC548}.Debug|Any CPU.ActiveCfg = Debug|Any CPU
		{16E6F00D-B347-41A8-AFD1-53726D6BC548}.Debug|Any CPU.Build.0 = Debug|Any CPU
		{16E6F00D-B347-41A8-AFD1-53726D6BC548}.Release|Any CPU.ActiveCfg = Release|Any CPU
		{16E6F00D-B347-41A8-AFD1-53726D6BC548}.Release|Any CPU.Build.0 = Release|Any CPU
	EndGlobalSection
	GlobalSection(SolutionProperties) = preSolution
		HideSolutionNode = FALSE
	EndGlobalSection
	GlobalSection(ExtensibilityGlobals) = postSolution
		SolutionGuid = {88D70E35-D75B-46E3-B1AB-16C6359DD34F}
	EndGlobalSection
EndGlobal
